
Microsoft Visual Studio Solution File, Format Version 12.00
Project("{FAE04EC0-301F-11D3-BF4B-00C04F79EFBC}") = "MyWeb", "MyWeb\MyWeb.csproj", "{BB138881-1FA3-4C15-ABC4-787A696DDEF6}"
EndProject
Global
	GlobalSection(SolutionConfigurationPlatforms) = preSolution
		Debug|Any CPU = Debug|Any CPU
		Release|Any CPU = Release|Any CPU
	EndGlobalSection
	GlobalSection(ProjectConfigurationPlatforms) = postSolution
		{BB138881-1FA3-4C15-ABC4-787A696DDEF6}.Debug|Any CPU.ActiveCfg = Debug|Any CPU
		{BB138881-1FA3-4C15-ABC4-787A696DDEF6}.Debug|Any CPU.Build.0 = Debug|Any CPU
		{BB138881-1FA3-4C15-ABC4-787A696DDEF6}.Release|Any CPU.ActiveCfg = Release|Any CPU
		{BB138881-1FA3-4C15-ABC4-787A696DDEF6}.Release|Any CPU.Build.0 = Release|Any CPU
	EndGlobalSection
EndGlobal
